
Microsoft Visual Studio Solution File, Format Version 12.00
# Visual Studio Version 17
VisualStudioVersion = 17.3.32929.385
MinimumVisualStudioVersion = 10.0.40219.1
Project("{8BC9CEB8-8B4A-11D0-8D11-00A0C91BC942}") = "sort", "sort\sort.vcxproj", "{27C25534-D4B5-4B52-BD5A-410478FAEF92}"
EndProject
Project("{2150E333-8FDC-42A3-9474-1A3956D46DE8}") = "Elementy rozwiązania", "Elementy rozwiązania", "{1644F2FB-E7EE-4929-B732-D9C80CFB6CFF}"
	ProjectSection(SolutionItems) = preProject
		test_input.txt = test_input.txt
	EndProjectSection
EndProject
Global
	GlobalSection(SolutionConfigurationPlatforms) = preSolution
		Debug|x64 = Debug|x64
		Debug|x86 = Debug|x86
		Release|x64 = Release|x64
		Release|x86 = Release|x86
	EndGlobalSection
	GlobalSection(ProjectConfigurationPlatforms) = postSolution
		{27C25534-D4B5-4B52-BD5A-410478FAEF92}.Debug|x64.ActiveCfg = Debug|x64
		{27C25534-D4B5-4B52-BD5A-410478FAEF92}.Debug|x64.Build.0 = Debug|x64
		{27C25534-D4B5-4B52-BD5A-410478FAEF92}.Debug|x86.ActiveCfg = Debug|Win32
		{27C25534-D4B5-4B52-BD5A-410478FAEF92}.Debug|x86.Build.0 = Debug|Win32
		{27C25534-D4B5-4B52-BD5A-410478FAEF92}.Release|x64.ActiveCfg = Release|x64
		{27C25534-D4B5-4B52-BD5A-410478FAEF92}.Release|x64.Build.0 = Release|x64
		{27C25534-D4B5-4B52-BD5A-410478FAEF92}.Release|x86.ActiveCfg = Release|Win32
		{27C25534-D4B5-4B52-BD5A-410478FAEF92}.Release|x86.Build.0 = Release|Win32
	EndGlobalSection
	GlobalSection(SolutionProperties) = preSolution
		HideSolutionNode = FALSE
	EndGlobalSection
	GlobalSection(ExtensibilityGlobals) = postSolution
		SolutionGuid = {EFC390BC-69E7-4C45-A101-C427680100F3}
	EndGlobalSection
EndGlobal
